
Microsoft Visual Studio Solution File, Format Version 12.00
# Visual Studio Version 17
VisualStudioVersion = 17.5.33502.453
MinimumVisualStudioVersion = 10.0.40219.1
Project("{FAE04EC0-301F-11D3-BF4B-00C04F79EFBC}") = "DataEncryptionApi", "DataEncryptionApi.csproj", "{9AEC1620-E566-4A3D-9FA7-58E34E149482}"
EndProject
Project("{FAE04EC0-301F-11D3-BF4B-00C04F79EFBC}") = "CryptographyLibrary", "..\CryptographyLibrary\CryptographyLibrary.csproj", "{27EA7BD1-8AE7-4C94-9B74-296BEADAF1C3}"
EndProject
Project("{FAE04EC0-301F-11D3-BF4B-00C04F79EFBC}") = "DotnetFrameworkEncryptionApi", "..\DotnetFrameworkEncryptionApi\DotnetFrameworkEncryptionApi.csproj", "{E3E46550-4C5A-4401-9C7E-6DEB395479DE}"
EndProject
Global
	GlobalSection(SolutionConfigurationPlatforms) = preSolution
		Debug|Any CPU = Debug|Any CPU
		Release|Any CPU = Release|Any CPU
	EndGlobalSection
	GlobalSection(ProjectConfigurationPlatforms) = postSolution
		{9AEC1620-E566-4A3D-9FA7-58E34E149482}.Debug|Any CPU.ActiveCfg = Debug|Any CPU
		{9AEC1620-E566-4A3D-9FA7-58E34E149482}.Debug|Any CPU.Build.0 = Debug|Any CPU
		{9AEC1620-E566-4A3D-9FA7-58E34E149482}.Release|Any CPU.ActiveCfg = Release|Any CPU
		{9AEC1620-E566-4A3D-9FA7-58E34E149482}.Release|Any CPU.Build.0 = Release|Any CPU
		{27EA7BD1-8AE7-4C94-9B74-296BEADAF1C3}.Debug|Any CPU.ActiveCfg = Debug|Any CPU
		{27EA7BD1-8AE7-4C94-9B74-296BEADAF1C3}.Debug|Any CPU.Build.0 = Debug|Any CPU
		{27EA7BD1-8AE7-4C94-9B74-296BEADAF1C3}.Release|Any CPU.ActiveCfg = Release|Any CPU
		{27EA7BD1-8AE7-4C94-9B74-296BEADAF1C3}.Release|Any CPU.Build.0 = Release|Any CPU
		{E3E46550-4C5A-4401-9C7E-6DEB395479DE}.Debug|Any CPU.ActiveCfg = Debug|Any CPU
		{E3E46550-4C5A-4401-9C7E-6DEB395479DE}.Debug|Any CPU.Build.0 = Debug|Any CPU
		{E3E46550-4C5A-4401-9C7E-6DEB395479DE}.Release|Any CPU.ActiveCfg = Release|Any CPU
		{E3E46550-4C5A-4401-9C7E-6DEB395479DE}.Release|Any CPU.Build.0 = Release|Any CPU
	EndGlobalSection
	GlobalSection(SolutionProperties) = preSolution
		HideSolutionNode = FALSE
	EndGlobalSection
	GlobalSection(ExtensibilityGlobals) = postSolution
		SolutionGuid = {0651CFBE-749C-4294-96DF-5BA957895B55}
	EndGlobalSection
EndGlobal
